
Microsoft Visual Studio Solution File, Format Version 12.00
# Visual Studio Version 16
VisualStudioVersion = 16.0.29519.87
MinimumVisualStudioVersion = 10.0.40219.1
Project("{FAE04EC0-301F-11D3-BF4B-00C04F79EFBC}") = "exercise_8", "exercise_8\exercise_8.csproj", "{A2827E0A-C077-47EF-A228-A4A90B42A86B}"
EndProject
Global
	GlobalSection(SolutionConfigurationPlatforms) = preSolution
		Debug|Any CPU = Debug|Any CPU
		Release|Any CPU = Release|Any CPU
	EndGlobalSection
	GlobalSection(ProjectConfigurationPlatforms) = postSolution
		{A2827E0A-C077-47EF-A228-A4A90B42A86B}.Debug|Any CPU.ActiveCfg = Debug|Any CPU
		{A2827E0A-C077-47EF-A228-A4A90B42A86B}.Debug|Any CPU.Build.0 = Debug|Any CPU
		{A2827E0A-C077-47EF-A228-A4A90B42A86B}.Release|Any CPU.ActiveCfg = Release|Any CPU
		{A2827E0A-C077-47EF-A228-A4A90B42A86B}.Release|Any CPU.Build.0 = Release|Any CPU
	EndGlobalSection
	GlobalSection(SolutionProperties) = preSolution
		HideSolutionNode = FALSE
	EndGlobalSection
	GlobalSection(ExtensibilityGlobals) = postSolution
		SolutionGuid = {923D4A3B-8641-4EF6-94C6-51F207BD3371}
	EndGlobalSection
EndGlobal
